
Microsoft Visual Studio Solution File, Format Version 12.00
# Visual Studio Version 17
VisualStudioVersion = 17.11.35327.3
MinimumVisualStudioVersion = 10.0.40219.1
Project("{FAE04EC0-301F-11D3-BF4B-00C04F79EFBC}") = "Surucu Kursu Uygulaması", "Surucu Kursu Uygulaması\Surucu Kursu Uygulaması.csproj", "{FD46130D-01AE-48BA-9278-67704B3F006B}"
EndProject
Global
	GlobalSection(SolutionConfigurationPlatforms) = preSolution
		Debug|Any CPU = Debug|Any CPU
		Release|Any CPU = Release|Any CPU
	EndGlobalSection
	GlobalSection(ProjectConfigurationPlatforms) = postSolution
		{FD46130D-01AE-48BA-9278-67704B3F006B}.Debug|Any CPU.ActiveCfg = Debug|Any CPU
		{FD46130D-01AE-48BA-9278-67704B3F006B}.Debug|Any CPU.Build.0 = Debug|Any CPU
		{FD46130D-01AE-48BA-9278-67704B3F006B}.Release|Any CPU.ActiveCfg = Release|Any CPU
		{FD46130D-01AE-48BA-9278-67704B3F006B}.Release|Any CPU.Build.0 = Release|Any CPU
	EndGlobalSection
	GlobalSection(SolutionProperties) = preSolution
		HideSolutionNode = FALSE
	EndGlobalSection
	GlobalSection(ExtensibilityGlobals) = postSolution
		SolutionGuid = {DEB2DC02-3DE1-4D1D-8193-09104D802A5D}
	EndGlobalSection
EndGlobal
